
Microsoft Visual Studio Solution File, Format Version 12.00
# Visual Studio Express 2012 for Windows Desktop
Project("{8BC9CEB8-8B4A-11D0-8D11-00A0C91BC942}") = "0414", "0414\0414.vcxproj", "{7569C095-043D-4436-9B52-1C8095E67F84}"
EndProject
Global
	GlobalSection(SolutionConfigurationPlatforms) = preSolution
		Debug|Win32 = Debug|Win32
		Release|Win32 = Release|Win32
	EndGlobalSection
	GlobalSection(ProjectConfigurationPlatforms) = postSolution
		{7569C095-043D-4436-9B52-1C8095E67F84}.Debug|Win32.ActiveCfg = Debug|Win32
		{7569C095-043D-4436-9B52-1C8095E67F84}.Debug|Win32.Build.0 = Debug|Win32
		{7569C095-043D-4436-9B52-1C8095E67F84}.Release|Win32.ActiveCfg = Release|Win32
		{7569C095-043D-4436-9B52-1C8095E67F84}.Release|Win32.Build.0 = Release|Win32
	EndGlobalSection
	GlobalSection(SolutionProperties) = preSolution
		HideSolutionNode = FALSE
	EndGlobalSection
EndGlobal
